
Microsoft Visual Studio Solution File, Format Version 12.00
# Visual Studio Version 17
VisualStudioVersion = 17.0.32014.148
MinimumVisualStudioVersion = 10.0.40219.1
Project("{2150E333-8FDC-42A3-9474-1A3956D46DE8}") = "Src", "Src", "{1583051A-E1E4-4E7A-A056-867598DC30B8}"
EndProject
Project("{2150E333-8FDC-42A3-9474-1A3956D46DE8}") = "Sample", "Sample", "{B54B5926-F407-4EBB-BFE7-C9D2DDBCEAF7}"
EndProject
Project("{FAE04EC0-301F-11D3-BF4B-00C04F79EFBC}") = "Core", "..\Src\Core\Core.csproj", "{F8C9CCD5-8225-4635-B187-76B1C65787F3}"
EndProject
Project("{FAE04EC0-301F-11D3-BF4B-00C04F79EFBC}") = "Db.PostgreSQL", "..\Src\Db.PostgreSQL\Db.PostgreSQL.csproj", "{F1A92C98-CEC4-479B-AE18-3B8B85203879}"
EndProject
Project("{FAE04EC0-301F-11D3-BF4B-00C04F79EFBC}") = "Db.Core", "..\Src\Db.Core\Db.Core.csproj", "{5ECB4081-3E7C-4BA7-B16D-26913CB35F93}"
EndProject
Project("{FAE04EC0-301F-11D3-BF4B-00C04F79EFBC}") = "App.Service", "..\Src\App.Service\App.Service.csproj", "{0A6F55AE-58B0-4761-A8F6-E1CCDB41CB95}"
EndProject
Project("{FAE04EC0-301F-11D3-BF4B-00C04F79EFBC}") = "App.Api", "..\Src\App.Api\App.Api.csproj", "{920D352F-E4BD-4DB9-8705-6D1B119E9DD6}"
EndProject
Project("{FAE04EC0-301F-11D3-BF4B-00C04F79EFBC}") = "App.Core", "..\Src\App.Core\App.Core.csproj", "{6458AA54-584F-42F7-8FDB-77A70EF3FC11}"
EndProject
Project("{FAE04EC0-301F-11D3-BF4B-00C04F79EFBC}") = "Db.InMemory", "..\Src\Db.InMemory\Db.InMemory.csproj", "{3925E339-ADFD-4E4B-83C5-502456B073CB}"
EndProject
Project("{2150E333-8FDC-42A3-9474-1A3956D46DE8}") = "Contracts", "Contracts", "{2BA8D39C-7CA7-4032-B799-3E362BC5672A}"
EndProject
Project("{2150E333-8FDC-42A3-9474-1A3956D46DE8}") = "Services", "Services", "{96103700-79F3-4BA9-A894-D78071F4742B}"
EndProject
Project("{2150E333-8FDC-42A3-9474-1A3956D46DE8}") = "Api", "Api", "{F0DDA77B-57E9-4BF1-8A3E-03F7B7E25DDD}"
EndProject
Project("{FAE04EC0-301F-11D3-BF4B-00C04F79EFBC}") = "Admin.ApiBase", "RestContracts\admin-api-oas\out\yaver-cs-fastendpoints\src\Admin.ApiBase\Admin.ApiBase.csproj", "{AF2E9AC7-E64F-4E10-8310-6F2DD0C672D3}"
EndProject
Project("{FAE04EC0-301F-11D3-BF4B-00C04F79EFBC}") = "Admin.ServiceBase", "RpcContracts\Admin.ServiceBase\Admin.ServiceBase.csproj", "{C762CC97-6E0C-4512-A807-EE8C9BEE2097}"
EndProject
Project("{FAE04EC0-301F-11D3-BF4B-00C04F79EFBC}") = "Api", "Api\Api.csproj", "{5424B4BD-77E0-43C5-B73A-2ED49D1B10C7}"
EndProject
Project("{FAE04EC0-301F-11D3-BF4B-00C04F79EFBC}") = "Admin.Service", "Services\Admin.Service\Admin.Service.csproj", "{85145BA4-7004-4521-A733-67BE0BD481B4}"
EndProject

Global
	GlobalSection(SolutionConfigurationPlatforms) = preSolution
		Debug|Any CPU = Debug|Any CPU
		Release|Any CPU = Release|Any CPU
	EndGlobalSection
	GlobalSection(ProjectConfigurationPlatforms) = postSolution
		{F8C9CCD5-8225-4635-B187-76B1C65787F3}.Debug|Any CPU.ActiveCfg = Debug|Any CPU
		{F8C9CCD5-8225-4635-B187-76B1C65787F3}.Debug|Any CPU.Build.0 = Debug|Any CPU
		{F8C9CCD5-8225-4635-B187-76B1C65787F3}.Release|Any CPU.ActiveCfg = Release|Any CPU
		{F8C9CCD5-8225-4635-B187-76B1C65787F3}.Release|Any CPU.Build.0 = Release|Any CPU
		{F1A92C98-CEC4-479B-AE18-3B8B85203879}.Debug|Any CPU.ActiveCfg = Debug|Any CPU
		{F1A92C98-CEC4-479B-AE18-3B8B85203879}.Debug|Any CPU.Build.0 = Debug|Any CPU
		{F1A92C98-CEC4-479B-AE18-3B8B85203879}.Release|Any CPU.ActiveCfg = Release|Any CPU
		{F1A92C98-CEC4-479B-AE18-3B8B85203879}.Release|Any CPU.Build.0 = Release|Any CPU
		{5ECB4081-3E7C-4BA7-B16D-26913CB35F93}.Debug|Any CPU.ActiveCfg = Debug|Any CPU
		{5ECB4081-3E7C-4BA7-B16D-26913CB35F93}.Debug|Any CPU.Build.0 = Debug|Any CPU
		{5ECB4081-3E7C-4BA7-B16D-26913CB35F93}.Release|Any CPU.ActiveCfg = Release|Any CPU
		{5ECB4081-3E7C-4BA7-B16D-26913CB35F93}.Release|Any CPU.Build.0 = Release|Any CPU
		{0A6F55AE-58B0-4761-A8F6-E1CCDB41CB95}.Debug|Any CPU.ActiveCfg = Debug|Any CPU
		{0A6F55AE-58B0-4761-A8F6-E1CCDB41CB95}.Debug|Any CPU.Build.0 = Debug|Any CPU
		{0A6F55AE-58B0-4761-A8F6-E1CCDB41CB95}.Release|Any CPU.ActiveCfg = Release|Any CPU
		{0A6F55AE-58B0-4761-A8F6-E1CCDB41CB95}.Release|Any CPU.Build.0 = Release|Any CPU
		{920D352F-E4BD-4DB9-8705-6D1B119E9DD6}.Debug|Any CPU.ActiveCfg = Debug|Any CPU
		{920D352F-E4BD-4DB9-8705-6D1B119E9DD6}.Debug|Any CPU.Build.0 = Debug|Any CPU
		{920D352F-E4BD-4DB9-8705-6D1B119E9DD6}.Release|Any CPU.ActiveCfg = Release|Any CPU
		{920D352F-E4BD-4DB9-8705-6D1B119E9DD6}.Release|Any CPU.Build.0 = Release|Any CPU
		{6458AA54-584F-42F7-8FDB-77A70EF3FC11}.Debug|Any CPU.ActiveCfg = Debug|Any CPU
		{6458AA54-584F-42F7-8FDB-77A70EF3FC11}.Debug|Any CPU.Build.0 = Debug|Any CPU
		{6458AA54-584F-42F7-8FDB-77A70EF3FC11}.Release|Any CPU.ActiveCfg = Release|Any CPU
		{6458AA54-584F-42F7-8FDB-77A70EF3FC11}.Release|Any CPU.Build.0 = Release|Any CPU
		{3925E339-ADFD-4E4B-83C5-502456B073CB}.Debug|Any CPU.ActiveCfg = Debug|Any CPU
		{3925E339-ADFD-4E4B-83C5-502456B073CB}.Debug|Any CPU.Build.0 = Debug|Any CPU
		{3925E339-ADFD-4E4B-83C5-502456B073CB}.Release|Any CPU.ActiveCfg = Release|Any CPU
		{3925E339-ADFD-4E4B-83C5-502456B073CB}.Release|Any CPU.Build.0 = Release|Any CPU
		{AF2E9AC7-E64F-4E10-8310-6F2DD0C672D3}.Debug|Any CPU.ActiveCfg = Debug|Any CPU
		{AF2E9AC7-E64F-4E10-8310-6F2DD0C672D3}.Debug|Any CPU.Build.0 = Debug|Any CPU
		{AF2E9AC7-E64F-4E10-8310-6F2DD0C672D3}.Release|Any CPU.ActiveCfg = Release|Any CPU
		{AF2E9AC7-E64F-4E10-8310-6F2DD0C672D3}.Release|Any CPU.Build.0 = Release|Any CPU
		{C762CC97-6E0C-4512-A807-EE8C9BEE2097}.Debug|Any CPU.ActiveCfg = Debug|Any CPU
		{C762CC97-6E0C-4512-A807-EE8C9BEE2097}.Debug|Any CPU.Build.0 = Debug|Any CPU
		{C762CC97-6E0C-4512-A807-EE8C9BEE2097}.Release|Any CPU.ActiveCfg = Release|Any CPU
		{C762CC97-6E0C-4512-A807-EE8C9BEE2097}.Release|Any CPU.Build.0 = Release|Any CPU
		{5424B4BD-77E0-43C5-B73A-2ED49D1B10C7}.Debug|Any CPU.ActiveCfg = Debug|Any CPU
		{5424B4BD-77E0-43C5-B73A-2ED49D1B10C7}.Debug|Any CPU.Build.0 = Debug|Any CPU
		{5424B4BD-77E0-43C5-B73A-2ED49D1B10C7}.Release|Any CPU.ActiveCfg = Release|Any CPU
		{5424B4BD-77E0-43C5-B73A-2ED49D1B10C7}.Release|Any CPU.Build.0 = Release|Any CPU
		{1254D078-E0A4-44A6-AD9B-D42DF788FC41}.Debug|Any CPU.ActiveCfg = Debug|Any CPU
		{1254D078-E0A4-44A6-AD9B-D42DF788FC41}.Debug|Any CPU.Build.0 = Debug|Any CPU
		{1254D078-E0A4-44A6-AD9B-D42DF788FC41}.Release|Any CPU.ActiveCfg = Release|Any CPU
		{1254D078-E0A4-44A6-AD9B-D42DF788FC41}.Release|Any CPU.Build.0 = Release|Any CPU
		{85145BA4-7004-4521-A733-67BE0BD481B4}.Debug|Any CPU.ActiveCfg = Debug|Any CPU
		{85145BA4-7004-4521-A733-67BE0BD481B4}.Debug|Any CPU.Build.0 = Debug|Any CPU
		{85145BA4-7004-4521-A733-67BE0BD481B4}.Release|Any CPU.ActiveCfg = Release|Any CPU
		{85145BA4-7004-4521-A733-67BE0BD481B4}.Release|Any CPU.Build.0 = Release|Any CPU
	EndGlobalSection
	GlobalSection(SolutionProperties) = preSolution
		HideSolutionNode = FALSE
	EndGlobalSection
	GlobalSection(NestedProjects) = preSolution
		{F8C9CCD5-8225-4635-B187-76B1C65787F3} = {1583051A-E1E4-4E7A-A056-867598DC30B8}
		{F1A92C98-CEC4-479B-AE18-3B8B85203879} = {1583051A-E1E4-4E7A-A056-867598DC30B8}
		{5ECB4081-3E7C-4BA7-B16D-26913CB35F93} = {1583051A-E1E4-4E7A-A056-867598DC30B8}
		{0A6F55AE-58B0-4761-A8F6-E1CCDB41CB95} = {1583051A-E1E4-4E7A-A056-867598DC30B8}
		{920D352F-E4BD-4DB9-8705-6D1B119E9DD6} = {1583051A-E1E4-4E7A-A056-867598DC30B8}
		{6458AA54-584F-42F7-8FDB-77A70EF3FC11} = {1583051A-E1E4-4E7A-A056-867598DC30B8}
		{3925E339-ADFD-4E4B-83C5-502456B073CB} = {1583051A-E1E4-4E7A-A056-867598DC30B8}
		{2BA8D39C-7CA7-4032-B799-3E362BC5672A} = {B54B5926-F407-4EBB-BFE7-C9D2DDBCEAF7}
		{96103700-79F3-4BA9-A894-D78071F4742B} = {B54B5926-F407-4EBB-BFE7-C9D2DDBCEAF7}
		{F0DDA77B-57E9-4BF1-8A3E-03F7B7E25DDD} = {B54B5926-F407-4EBB-BFE7-C9D2DDBCEAF7}
		{AF2E9AC7-E64F-4E10-8310-6F2DD0C672D3} = {2BA8D39C-7CA7-4032-B799-3E362BC5672A}
		{C762CC97-6E0C-4512-A807-EE8C9BEE2097} = {2BA8D39C-7CA7-4032-B799-3E362BC5672A}
		{5424B4BD-77E0-43C5-B73A-2ED49D1B10C7} = {F0DDA77B-57E9-4BF1-8A3E-03F7B7E25DDD}
		{85145BA4-7004-4521-A733-67BE0BD481B4} = {96103700-79F3-4BA9-A894-D78071F4742B}
	EndGlobalSection
	GlobalSection(ExtensibilityGlobals) = postSolution
		SolutionGuid = {53320F29-02E1-4802-9E1E-C368152D2682}
	EndGlobalSection
EndGlobal
