<Solution>
  <Folder Name="/Src/">
    <Project Path="App.Api/App.Api.csproj" />
    <Project Path="App.Core/App.Core.csproj" />
    <Project Path="App.Service/App.Service.csproj" />
    <Project Path="Db.Core/Db.Core.csproj" />
    <Project Path="Db.InMemory/Db.InMemory.csproj" />
    <Project Path="Db.PostgreSQL/Db.PostgreSQL.csproj" />
  </Folder>
</Solution>
