
Microsoft Visual Studio Solution File, Format Version 12.00
# Visual Studio Version 17
VisualStudioVersion = 17.0.32014.148
MinimumVisualStudioVersion = 10.0.40219.1
Project("{2150E333-8FDC-42A3-9474-1A3956D46DE8}") = "Src", "Src", "{1583051A-E1E4-4E7A-A056-867598DC30B8}"
EndProject
Project("{2150E333-8FDC-42A3-9474-1A3956D46DE8}") = "Sample", "Sample", "{B54B5926-F407-4EBB-BFE7-C9D2DDBCEAF7}"
EndProject
Project("{FAE04EC0-301F-11D3-BF4B-00C04F79EFBC}") = "Db.PostgreSQL", "Db.PostgreSQL\Db.PostgreSQL.csproj", "{F1A92C98-CEC4-479B-AE18-3B8B85203879}"
EndProject
Project("{FAE04EC0-301F-11D3-BF4B-00C04F79EFBC}") = "Db.Core", "Db.Core\Db.Core.csproj", "{5ECB4081-3E7C-4BA7-B16D-26913CB35F93}"
EndProject
Project("{FAE04EC0-301F-11D3-BF4B-00C04F79EFBC}") = "App.Service", "App.Service\App.Service.csproj", "{0A6F55AE-58B0-4761-A8F6-E1CCDB41CB95}"
EndProject
Project("{FAE04EC0-301F-11D3-BF4B-00C04F79EFBC}") = "App.Api", "App.Api\App.Api.csproj", "{920D352F-E4BD-4DB9-8705-6D1B119E9DD6}"
EndProject
Project("{FAE04EC0-301F-11D3-BF4B-00C04F79EFBC}") = "App.Core", "App.Core\App.Core.csproj", "{6458AA54-584F-42F7-8FDB-77A70EF3FC11}"
EndProject
Project("{FAE04EC0-301F-11D3-BF4B-00C04F79EFBC}") = "Db.InMemory", "Db.InMemory\Db.InMemory.csproj", "{3925E339-ADFD-4E4B-83C5-502456B073CB}"
EndProject
EndProject

Global
	GlobalSection(SolutionConfigurationPlatforms) = preSolution
		Debug|Any CPU = Debug|Any CPU
		Release|Any CPU = Release|Any CPU
	EndGlobalSection
	GlobalSection(ProjectConfigurationPlatforms) = postSolution
		{F8C9CCD5-8225-4635-B187-76B1C65787F3}.Debug|Any CPU.ActiveCfg = Debug|Any CPU
		{F8C9CCD5-8225-4635-B187-76B1C65787F3}.Debug|Any CPU.Build.0 = Debug|Any CPU
		{F8C9CCD5-8225-4635-B187-76B1C65787F3}.Release|Any CPU.ActiveCfg = Release|Any CPU
		{F8C9CCD5-8225-4635-B187-76B1C65787F3}.Release|Any CPU.Build.0 = Release|Any CPU
		{F1A92C98-CEC4-479B-AE18-3B8B85203879}.Debug|Any CPU.ActiveCfg = Debug|Any CPU
		{F1A92C98-CEC4-479B-AE18-3B8B85203879}.Debug|Any CPU.Build.0 = Debug|Any CPU
		{F1A92C98-CEC4-479B-AE18-3B8B85203879}.Release|Any CPU.ActiveCfg = Release|Any CPU
		{F1A92C98-CEC4-479B-AE18-3B8B85203879}.Release|Any CPU.Build.0 = Release|Any CPU
		{5ECB4081-3E7C-4BA7-B16D-26913CB35F93}.Debug|Any CPU.ActiveCfg = Debug|Any CPU
		{5ECB4081-3E7C-4BA7-B16D-26913CB35F93}.Debug|Any CPU.Build.0 = Debug|Any CPU
		{5ECB4081-3E7C-4BA7-B16D-26913CB35F93}.Release|Any CPU.ActiveCfg = Release|Any CPU
		{5ECB4081-3E7C-4BA7-B16D-26913CB35F93}.Release|Any CPU.Build.0 = Release|Any CPU
		{0A6F55AE-58B0-4761-A8F6-E1CCDB41CB95}.Debug|Any CPU.ActiveCfg = Debug|Any CPU
		{0A6F55AE-58B0-4761-A8F6-E1CCDB41CB95}.Debug|Any CPU.Build.0 = Debug|Any CPU
		{0A6F55AE-58B0-4761-A8F6-E1CCDB41CB95}.Release|Any CPU.ActiveCfg = Release|Any CPU
		{0A6F55AE-58B0-4761-A8F6-E1CCDB41CB95}.Release|Any CPU.Build.0 = Release|Any CPU
		{920D352F-E4BD-4DB9-8705-6D1B119E9DD6}.Debug|Any CPU.ActiveCfg = Debug|Any CPU
		{920D352F-E4BD-4DB9-8705-6D1B119E9DD6}.Debug|Any CPU.Build.0 = Debug|Any CPU
		{920D352F-E4BD-4DB9-8705-6D1B119E9DD6}.Release|Any CPU.ActiveCfg = Release|Any CPU
		{920D352F-E4BD-4DB9-8705-6D1B119E9DD6}.Release|Any CPU.Build.0 = Release|Any CPU
		{6458AA54-584F-42F7-8FDB-77A70EF3FC11}.Debug|Any CPU.ActiveCfg = Debug|Any CPU
		{6458AA54-584F-42F7-8FDB-77A70EF3FC11}.Debug|Any CPU.Build.0 = Debug|Any CPU
		{6458AA54-584F-42F7-8FDB-77A70EF3FC11}.Release|Any CPU.ActiveCfg = Release|Any CPU
		{6458AA54-584F-42F7-8FDB-77A70EF3FC11}.Release|Any CPU.Build.0 = Release|Any CPU
		{3925E339-ADFD-4E4B-83C5-502456B073CB}.Debug|Any CPU.ActiveCfg = Debug|Any CPU
		{3925E339-ADFD-4E4B-83C5-502456B073CB}.Debug|Any CPU.Build.0 = Debug|Any CPU
		{3925E339-ADFD-4E4B-83C5-502456B073CB}.Release|Any CPU.ActiveCfg = Release|Any CPU
		{3925E339-ADFD-4E4B-83C5-502456B073CB}.Release|Any CPU.Build.0 = Release|Any CPU
	EndGlobalSection
	GlobalSection(SolutionProperties) = preSolution
		HideSolutionNode = FALSE
	EndGlobalSection
	GlobalSection(NestedProjects) = preSolution

		{F1A92C98-CEC4-479B-AE18-3B8B85203879} = {1583051A-E1E4-4E7A-A056-867598DC30B8}
		{5ECB4081-3E7C-4BA7-B16D-26913CB35F93} = {1583051A-E1E4-4E7A-A056-867598DC30B8}
		{0A6F55AE-58B0-4761-A8F6-E1CCDB41CB95} = {1583051A-E1E4-4E7A-A056-867598DC30B8}
		{920D352F-E4BD-4DB9-8705-6D1B119E9DD6} = {1583051A-E1E4-4E7A-A056-867598DC30B8}
		{6458AA54-584F-42F7-8FDB-77A70EF3FC11} = {1583051A-E1E4-4E7A-A056-867598DC30B8}
		{3925E339-ADFD-4E4B-83C5-502456B073CB} = {1583051A-E1E4-4E7A-A056-867598DC30B8}
	EndGlobalSection
	GlobalSection(ExtensibilityGlobals) = postSolution
		SolutionGuid = {53320F29-02E1-4802-9E1E-C368152D2682}
	EndGlobalSection
EndGlobal
